
Microsoft Visual Studio Solution File, Format Version 12.00
# Visual Studio Version 17
VisualStudioVersion = 17.7.34024.191
MinimumVisualStudioVersion = 10.0.40219.1
Project("{FAE04EC0-301F-11D3-BF4B-00C04F79EFBC}") = "CSharp.Ticket.Booking.WebApi", "CSharp.Ticket.Booking.WebApi\CSharp.Ticket.Booking.WebApi.csproj", "{9FF42C1C-FC7B-4D4E-9DAD-BEC6E041BC8C}"
EndProject
Project("{FAE04EC0-301F-11D3-BF4B-00C04F79EFBC}") = "CSharp.Ticket.Booking.Service", "CSharp.Ticket.Booking.Service\CSharp.Ticket.Booking.Service.csproj", "{A4E442C1-846D-4B5D-B73E-6AF61EAF4ACA}"
EndProject
Project("{FAE04EC0-301F-11D3-BF4B-00C04F79EFBC}") = "CSharp.Ticket.Booking.DataAccess", "CSharp.Ticket.Booking.DataAccess\CSharp.Ticket.Booking.DataAccess.csproj", "{B39390A1-E220-478F-BE6E-B1DE175BB7B1}"
EndProject
Project("{FAE04EC0-301F-11D3-BF4B-00C04F79EFBC}") = "CSharp.Ticket.Booking.DataAccess.Database", "CSharp.Ticket.Booking.DataAccess.Database\CSharp.Ticket.Booking.DataAccess.Database.csproj", "{37B11BC0-F23A-453C-BF23-8EBBFAF6FF44}"
EndProject
Global
	GlobalSection(SolutionConfigurationPlatforms) = preSolution
		Debug|Any CPU = Debug|Any CPU
		Release|Any CPU = Release|Any CPU
	EndGlobalSection
	GlobalSection(ProjectConfigurationPlatforms) = postSolution
		{9FF42C1C-FC7B-4D4E-9DAD-BEC6E041BC8C}.Debug|Any CPU.ActiveCfg = Debug|Any CPU
		{9FF42C1C-FC7B-4D4E-9DAD-BEC6E041BC8C}.Debug|Any CPU.Build.0 = Debug|Any CPU
		{9FF42C1C-FC7B-4D4E-9DAD-BEC6E041BC8C}.Release|Any CPU.ActiveCfg = Release|Any CPU
		{9FF42C1C-FC7B-4D4E-9DAD-BEC6E041BC8C}.Release|Any CPU.Build.0 = Release|Any CPU
		{A4E442C1-846D-4B5D-B73E-6AF61EAF4ACA}.Debug|Any CPU.ActiveCfg = Debug|Any CPU
		{A4E442C1-846D-4B5D-B73E-6AF61EAF4ACA}.Debug|Any CPU.Build.0 = Debug|Any CPU
		{A4E442C1-846D-4B5D-B73E-6AF61EAF4ACA}.Release|Any CPU.ActiveCfg = Release|Any CPU
		{A4E442C1-846D-4B5D-B73E-6AF61EAF4ACA}.Release|Any CPU.Build.0 = Release|Any CPU
		{B39390A1-E220-478F-BE6E-B1DE175BB7B1}.Debug|Any CPU.ActiveCfg = Debug|Any CPU
		{B39390A1-E220-478F-BE6E-B1DE175BB7B1}.Debug|Any CPU.Build.0 = Debug|Any CPU
		{B39390A1-E220-478F-BE6E-B1DE175BB7B1}.Release|Any CPU.ActiveCfg = Release|Any CPU
		{B39390A1-E220-478F-BE6E-B1DE175BB7B1}.Release|Any CPU.Build.0 = Release|Any CPU
		{37B11BC0-F23A-453C-BF23-8EBBFAF6FF44}.Debug|Any CPU.ActiveCfg = Debug|Any CPU
		{37B11BC0-F23A-453C-BF23-8EBBFAF6FF44}.Debug|Any CPU.Build.0 = Debug|Any CPU
		{37B11BC0-F23A-453C-BF23-8EBBFAF6FF44}.Release|Any CPU.ActiveCfg = Release|Any CPU
		{37B11BC0-F23A-453C-BF23-8EBBFAF6FF44}.Release|Any CPU.Build.0 = Release|Any CPU
	EndGlobalSection
	GlobalSection(SolutionProperties) = preSolution
		HideSolutionNode = FALSE
	EndGlobalSection
	GlobalSection(ExtensibilityGlobals) = postSolution
		SolutionGuid = {43C11681-9302-46BE-AFA7-6DA0C20CA0EA}
	EndGlobalSection
EndGlobal
